// !$*UTF8*$!
{
	archiveVersion = 1;
	classes = {
	};
	objectVersion = 50;
	objects = {

/* Begin PBXBuildFile section */
		686336CC20A459D400E479B4 /* AppDelegate.swift in Sources */ = {isa = PBXBuildFile; fileRef = 686336CB20A459D400E479B4 /* AppDelegate.swift */; };
		686336CE20A459D400E479B4 /* ViewController.swift in Sources */ = {isa = PBXBuildFile; fileRef = 686336CD20A459D400E479B4 /* ViewController.swift */; };
		686336D120A459D400E479B4 /* Main.storyboard in Resources */ = {isa = PBXBuildFile; fileRef = 686336CF20A459D400E479B4 /* Main.storyboard */; };
		686336D320A459D400E479B4 /* Assets.xcassets in Resources */ = {isa = PBXBuildFile; fileRef = 686336D220A459D400E479B4 /* Assets.xcassets */; };
		686336D620A459D400E479B4 /* LaunchScreen.storyboard in Resources */ = {isa = PBXBuildFile; fileRef = 686336D420A459D400E479B4 /* LaunchScreen.storyboard */; };
		8DA807DBD7C495A065D81A44 /* Pods_http_retry_ios.framework in Frameworks */ = {isa = PBXBuildFile; fileRef = 48BA47481F9CABB28BF76420 /* Pods_http_retry_ios.framework */; };
/* End PBXBuildFile section */

/* Begin PBXFileReference section */
		438061C64BCF88B45EA363CA /* Pods-http-retry-ios.release.xcconfig */ = {isa = PBXFileReference; includeInIndex = 1; lastKnownFileType = text.xcconfig; name = "Pods-http-retry-ios.release.xcconfig"; path = "Pods/Target Support Files/Pods-http-retry-ios/Pods-http-retry-ios.release.xcconfig"; sourceTree = "<group>"; };
		48BA47481F9CABB28BF76420 /* Pods_http_retry_ios.framework */ = {isa = PBXFileReference; explicitFileType = wrapper.framework; includeInIndex = 0; path = Pods_http_retry_ios.framework; sourceTree = BUILT_PRODUCTS_DIR; };
		686336C820A459D400E479B4 /* http-retry-ios.app */ = {isa = PBXFileReference; explicitFileType = wrapper.application; includeInIndex = 0; path = "http-retry-ios.app"; sourceTree = BUILT_PRODUCTS_DIR; };
		686336CB20A459D400E479B4 /* AppDelegate.swift */ = {isa = PBXFileReference; lastKnownFileType = sourcecode.swift; path = AppDelegate.swift; sourceTree = "<group>"; };
		686336CD20A459D400E479B4 /* ViewController.swift */ = {isa = PBXFileReference; lastKnownFileType = sourcecode.swift; path = ViewController.swift; sourceTree = "<group>"; };
		686336D020A459D400E479B4 /* Base */ = {isa = PBXFileReference; lastKnownFileType = file.storyboard; name = Base; path = Base.lproj/Main.storyboard; sourceTree = "<group>"; };
		686336D220A459D400E479B4 /* Assets.xcassets */ = {isa = PBXFileReference; lastKnownFileType = folder.assetcatalog; path = Assets.xcassets; sourceTree = "<group>"; };
		686336D520A459D400E479B4 /* Base */ = {isa = PBXFileReference; lastKnownFileType = file.storyboard; name = Base; path = Base.lproj/LaunchScreen.storyboard; sourceTree = "<group>"; };
		686336D720A459D400E479B4 /* Info.plist */ = {isa = PBXFileReference; lastKnownFileType = text.plist.xml; path = Info.plist; sourceTree = "<group>"; };
		BD16A750725B9B6A99B61999 /* Pods-http-retry-ios.debug.xcconfig */ = {isa = PBXFileReference; includeInIndex = 1; lastKnownFileType = text.xcconfig; name = "Pods-http-retry-ios.debug.xcconfig"; path = "Pods/Target Support Files/Pods-http-retry-ios/Pods-http-retry-ios.debug.xcconfig"; sourceTree = "<group>"; };
/* End PBXFileReference section */

/* Begin PBXFrameworksBuildPhase section */
		686336C520A459D400E479B4 /* Frameworks */ = {
			isa = PBXFrameworksBuildPhase;
			buildActionMask = 2147483647;
			files = (
				8DA807DBD7C495A065D81A44 /* Pods_http_retry_ios.framework in Frameworks */,
			);
			runOnlyForDeploymentPostprocessing = 0;
		};
/* End PBXFrameworksBuildPhase section */

/* Begin PBXGroup section */
		214D9B32E7A6CB991C94ACB9 /* Frameworks */ = {
			isa = PBXGroup;
			children = (
				48BA47481F9CABB28BF76420 /* Pods_http_retry_ios.framework */,
			);
			name = Frameworks;
			sourceTree = "<group>";
		};
		5E963284B49FC1221C9CDDBF /* Pods */ = {
			isa = PBXGroup;
			children = (
				BD16A750725B9B6A99B61999 /* Pods-http-retry-ios.debug.xcconfig */,
				438061C64BCF88B45EA363CA /* Pods-http-retry-ios.release.xcconfig */,
			);
			name = Pods;
			sourceTree = "<group>";
		};
		686336BF20A459D400E479B4 = {
			isa = PBXGroup;
			children = (
				686336CA20A459D400E479B4 /* http-retry-ios */,
				686336C920A459D400E479B4 /* Products */,
				5E963284B49FC1221C9CDDBF /* Pods */,
				214D9B32E7A6CB991C94ACB9 /* Frameworks */,
			);
			sourceTree = "<group>";
		};
		686336C920A459D400E479B4 /* Products */ = {
			isa = PBXGroup;
			children = (
				686336C820A459D400E479B4 /* http-retry-ios.app */,
			);
			name = Products;
			sourceTree = "<group>";
		};
		686336CA20A459D400E479B4 /* http-retry-ios */ = {
			isa = PBXGroup;
			children = (
				686336CB20A459D400E479B4 /* AppDelegate.swift */,
				686336CD20A459D400E479B4 /* ViewController.swift */,
				686336CF20A459D400E479B4 /* Main.storyboard */,
				686336D220A459D400E479B4 /* Assets.xcassets */,
				686336D420A459D400E479B4 /* LaunchScreen.storyboard */,
				686336D720A459D400E479B4 /* Info.plist */,
			);
			path = "http-retry-ios";
			sourceTree = "<group>";
		};
/* End PBXGroup section */

/* Begin PBXNativeTarget section */
		686336C720A459D400E479B4 /* http-retry-ios */ = {
			isa = PBXNativeTarget;
			buildConfigurationList = 686336DA20A459D400E479B4 /* Build configuration list for PBXNativeTarget "http-retry-ios" */;
			buildPhases = (
				D7F1C163426682C6DA417DA6 /* [CP] Check Pods Manifest.lock */,
				686336C420A459D400E479B4 /* Sources */,
				686336C520A459D400E479B4 /* Frameworks */,
				686336C620A459D400E479B4 /* Resources */,
				F2611F5682762DE85F2082E9 /* [CP] Embed Pods Frameworks */,
			);
			buildRules = (
			);
			dependencies = (
			);
			name = "http-retry-ios";
			productName = "http-retry-ios";
			productReference = 686336C820A459D400E479B4 /* http-retry-ios.app */;
			productType = "com.apple.product-type.application";
		};
/* End PBXNativeTarget section */

/* Begin PBXProject section */
		686336C020A459D400E479B4 /* Project object */ = {
			isa = PBXProject;
			attributes = {
				LastSwiftUpdateCheck = 0930;
				LastUpgradeCheck = 0930;
				ORGANIZATIONNAME = Amrzs;
				TargetAttributes = {
					686336C720A459D400E479B4 = {
						CreatedOnToolsVersion = 9.3;
					};
				};
			};
			buildConfigurationList = 686336C320A459D400E479B4 /* Build configuration list for PBXProject "http-retry-ios" */;
			compatibilityVersion = "Xcode 9.3";
			developmentRegion = en;
			hasScannedForEncodings = 0;
			knownRegions = (
				en,
				Base,
			);
			mainGroup = 686336BF20A459D400E479B4;
			productRefGroup = 686336C920A459D400E479B4 /* Products */;
			projectDirPath = "";
			projectRoot = "";
			targets = (
				686336C720A459D400E479B4 /* http-retry-ios */,
			);
		};
/* End PBXProject section */

/* Begin PBXResourcesBuildPhase section */
		686336C620A459D400E479B4 /* Resources */ = {
			isa = PBXResourcesBuildPhase;
			buildActionMask = 2147483647;
			files = (
				686336D620A459D400E479B4 /* LaunchScreen.storyboard in Resources */,
				686336D320A459D400E479B4 /* Assets.xcassets in Resources */,
				686336D120A459D400E479B4 /* Main.storyboard in Resources */,
			);
			runOnlyForDeploymentPostprocessing = 0;
		};
/* End PBXResourcesBuildPhase section */

/* Begin PBXShellScriptBuildPhase section */
		D7F1C163426682C6DA417DA6 /* [CP] Check Pods Manifest.lock */ = {
			isa = PBXShellScriptBuildPhase;
			buildActionMask = 2147483647;
			files = (
			);
			inputPaths = (
				"${PODS_PODFILE_DIR_PATH}/Podfile.lock",
				"${PODS_ROOT}/Manifest.lock",
			);
			name = "[CP] Check Pods Manifest.lock";
			outputPaths = (
				"$(DERIVED_FILE_DIR)/Pods-http-retry-ios-checkManifestLockResult.txt",
			);
			runOnlyForDeploymentPostprocessing = 0;
			shellPath = /bin/sh;
			shellScript = "diff \"${PODS_PODFILE_DIR_PATH}/Podfile.lock\" \"${PODS_ROOT}/Manifest.lock\" > /dev/null\nif [ $? != 0 ] ; then\n    # print error to STDERR\n    echo \"error: The sandbox is not in sync with the Podfile.lock. Run 'pod install' or update your CocoaPods installation.\" >&2\n    exit 1\nfi\n# This output is used by Xcode 'outputs' to avoid re-running this script phase.\necho \"SUCCESS\" > \"${SCRIPT_OUTPUT_FILE_0}\"\n";
			showEnvVarsInLog = 0;
		};
		F2611F5682762DE85F2082E9 /* [CP] Embed Pods Frameworks */ = {
			isa = PBXShellScriptBuildPhase;
			buildActionMask = 2147483647;
			files = (
			);
			inputPaths = (
				"${SRCROOT}/Pods/Target Support Files/Pods-http-retry-ios/Pods-http-retry-ios-frameworks.sh",
				"${BUILT_PRODUCTS_DIR}/HTTPStatusCodes/HTTPStatusCodes.framework",
			);
			name = "[CP] Embed Pods Frameworks";
			outputPaths = (
				"${TARGET_BUILD_DIR}/${FRAMEWORKS_FOLDER_PATH}/HTTPStatusCodes.framework",
			);
			runOnlyForDeploymentPostprocessing = 0;
			shellPath = /bin/sh;
			shellScript = "\"${SRCROOT}/Pods/Target Support Files/Pods-http-retry-ios/Pods-http-retry-ios-frameworks.sh\"\n";
			showEnvVarsInLog = 0;
		};
/* End PBXShellScriptBuildPhase section */

/* Begin PBXSourcesBuildPhase section */
		686336C420A459D400E479B4 /* Sources */ = {
			isa = PBXSourcesBuildPhase;
			buildActionMask = 2147483647;
			files = (
				686336CE20A459D400E479B4 /* ViewController.swift in Sources */,
				686336CC20A459D400E479B4 /* AppDelegate.swift in Sources */,
			);
			runOnlyForDeploymentPostprocessing = 0;
		};
/* End PBXSourcesBuildPhase section */

/* Begin PBXVariantGroup section */
		686336CF20A459D400E479B4 /* Main.storyboard */ = {
			isa = PBXVariantGroup;
			children = (
				686336D020A459D400E479B4 /* Base */,
			);
			name = Main.storyboard;
			sourceTree = "<group>";
		};
		686336D420A459D400E479B4 /* LaunchScreen.storyboard */ = {
			isa = PBXVariantGroup;
			children = (
				686336D520A459D400E479B4 /* Base */,
			);
			name = LaunchScreen.storyboard;
			sourceTree = "<group>";
		};
/* End PBXVariantGroup section */

/* Begin XCBuildConfiguration section */
		686336D820A459D400E479B4 /* Debug */ = {
			isa = XCBuildConfiguration;
			buildSettings = {
				ALWAYS_SEARCH_USER_PATHS = NO;
				CLANG_ANALYZER_NONNULL = YES;
				CLANG_ANALYZER_NUMBER_OBJECT_CONVERSION = YES_AGGRESSIVE;
				CLANG_CXX_LANGUAGE_STANDARD = "gnu++14";
				CLANG_CXX_LIBRARY = "libc++";
				CLANG_ENABLE_MODULES = YES;
				CLANG_ENABLE_OBJC_ARC = YES;
				CLANG_ENABLE_OBJC_WEAK = YES;
				CLANG_WARN_BLOCK_CAPTURE_AUTORELEASING = YES;
				CLANG_WARN_BOOL_CONVERSION = YES;
				CLANG_WARN_COMMA = YES;
				CLANG_WARN_CONSTANT_CONVERSION = YES;
				CLANG_WARN_DEPRECATED_OBJC_IMPLEMENTATIONS = YES;
				CLANG_WARN_DIRECT_OBJC_ISA_USAGE = YES_ERROR;
				CLANG_WARN_DOCUMENTATION_COMMENTS = YES;
				CLANG_WARN_EMPTY_BODY = YES;
				CLANG_WARN_ENUM_CONVERSION = YES;
				CLANG_WARN_INFINITE_RECURSION = YES;
				CLANG_WARN_INT_CONVERSION = YES;
				CLANG_WARN_NON_LITERAL_NULL_CONVERSION = YES;
				CLANG_WARN_OBJC_IMPLICIT_RETAIN_SELF = YES;
				CLANG_WARN_OBJC_LITERAL_CONVERSION = YES;
				CLANG_WARN_OBJC_ROOT_CLASS = YES_ERROR;
				CLANG_WARN_RANGE_LOOP_ANALYSIS = YES;
				CLANG_WARN_STRICT_PROTOTYPES = YES;
				CLANG_WARN_SUSPICIOUS_MOVE = YES;
				CLANG_WARN_UNGUARDED_AVAILABILITY = YES_AGGRESSIVE;
				CLANG_WARN_UNREACHABLE_CODE = YES;
				CLANG_WARN__DUPLICATE_METHOD_MATCH = YES;
				CODE_SIGN_IDENTITY = "iPhone Developer";
				COPY_PHASE_STRIP = NO;
				DEBUG_INFORMATION_FORMAT = dwarf;
				ENABLE_STRICT_OBJC_MSGSEND = YES;
				ENABLE_TESTABILITY = YES;
				GCC_C_LANGUAGE_STANDARD = gnu11;
				GCC_DYNAMIC_NO_PIC = NO;
				GCC_NO_COMMON_BLOCKS = YES;
				GCC_OPTIMIZATION_LEVEL = 0;
				GCC_PREPROCESSOR_DEFINITIONS = (
					"DEBUG=1",
					"$(inherited)",
				);
				GCC_WARN_64_TO_32_BIT_CONVERSION = YES;
				GCC_WARN_ABOUT_RETURN_TYPE = YES_ERROR;
				GCC_WARN_UNDECLARED_SELECTOR = YES;
				GCC_WARN_UNINITIALIZED_AUTOS = YES_AGGRESSIVE;
				GCC_WARN_UNUSED_FUNCTION = YES;
				GCC_WARN_UNUSED_VARIABLE = YES;
				IPHONEOS_DEPLOYMENT_TARGET = 11.3;
				MTL_ENABLE_DEBUG_INFO = YES;
				ONLY_ACTIVE_ARCH = YES;
				SDKROOT = iphoneos;
				SWIFT_ACTIVE_COMPILATION_CONDITIONS = DEBUG;
				SWIFT_OPTIMIZATION_LEVEL = "-Onone";
			};
			name = Debug;
		};
		686336D920A459D400E479B4 /* Release */ = {
			isa = XCBuildConfiguration;
			buildSettings = {
				ALWAYS_SEARCH_USER_PATHS = NO;
				CLANG_ANALYZER_NONNULL = YES;
				CLANG_ANALYZER_NUMBER_OBJECT_CONVERSION = YES_AGGRESSIVE;
				CLANG_CXX_LANGUAGE_STANDARD = "gnu++14";
				CLANG_CXX_LIBRARY = "libc++";
				CLANG_ENABLE_MODULES = YES;
				CLANG_ENABLE_OBJC_ARC = YES;
				CLANG_ENABLE_OBJC_WEAK = YES;
				CLANG_WARN_BLOCK_CAPTURE_AUTORELEASING = YES;
				CLANG_WARN_BOOL_CONVERSION = YES;
				CLANG_WARN_COMMA = YES;
				CLANG_WARN_CONSTANT_CONVERSION = YES;
				CLANG_WARN_DEPRECATED_OBJC_IMPLEMENTATIONS = YES;
				CLANG_WARN_DIRECT_OBJC_ISA_USAGE = YES_ERROR;
				CLANG_WARN_DOCUMENTATION_COMMENTS = YES;
				CLANG_WARN_EMPTY_BODY = YES;
				CLANG_WARN_ENUM_CONVERSION = YES;
				CLANG_WARN_INFINITE_RECURSION = YES;
				CLANG_WARN_INT_CONVERSION = YES;
				CLANG_WARN_NON_LITERAL_NULL_CONVERSION = YES;
				CLANG_WARN_OBJC_IMPLICIT_RETAIN_SELF = YES;
				CLANG_WARN_OBJC_LITERAL_CONVERSION = YES;
				CLANG_WARN_OBJC_ROOT_CLASS = YES_ERROR;
				CLANG_WARN_RANGE_LOOP_ANALYSIS = YES;
				CLANG_WARN_STRICT_PROTOTYPES = YES;
				CLANG_WARN_SUSPICIOUS_MOVE = YES;
				CLANG_WARN_UNGUARDED_AVAILABILITY = YES_AGGRESSIVE;
				CLANG_WARN_UNREACHABLE_CODE = YES;
				CLANG_WARN__DUPLICATE_METHOD_MATCH = YES;
				CODE_SIGN_IDENTITY = "iPhone Developer";
				COPY_PHASE_STRIP = NO;
				DEBUG_INFORMATION_FORMAT = "dwarf-with-dsym";
				ENABLE_NS_ASSERTIONS = NO;
				ENABLE_STRICT_OBJC_MSGSEND = YES;
				GCC_C_LANGUAGE_STANDARD = gnu11;
				GCC_NO_COMMON_BLOCKS = YES;
				GCC_WARN_64_TO_32_BIT_CONVERSION = YES;
				GCC_WARN_ABOUT_RETURN_TYPE = YES_ERROR;
				GCC_WARN_UNDECLARED_SELECTOR = YES;
				GCC_WARN_UNINITIALIZED_AUTOS = YES_AGGRESSIVE;
				GCC_WARN_UNUSED_FUNCTION = YES;
				GCC_WARN_UNUSED_VARIABLE = YES;
				IPHONEOS_DEPLOYMENT_TARGET = 11.3;
				MTL_ENABLE_DEBUG_INFO = NO;
				SDKROOT = iphoneos;
				SWIFT_COMPILATION_MODE = wholemodule;
				SWIFT_OPTIMIZATION_LEVEL = "-O";
				VALIDATE_PRODUCT = YES;
			};
			name = Release;
		};
		686336DB20A459D400E479B4 /* Debug */ = {
			isa = XCBuildConfiguration;
			baseConfigurationReference = BD16A750725B9B6A99B61999 /* Pods-http-retry-ios.debug.xcconfig */;
			buildSettings = {
				ASSETCATALOG_COMPILER_APPICON_NAME = AppIcon;
				CODE_SIGN_STYLE = Automatic;
				INFOPLIST_FILE = "http-retry-ios/Info.plist";
				LD_RUNPATH_SEARCH_PATHS = (
					"$(inherited)",
					"@executable_path/Frameworks",
				);
				PRODUCT_BUNDLE_IDENTIFIER = "com.amrzs.demo.http-retry-ios";
				PRODUCT_NAME = "$(TARGET_NAME)";
				SWIFT_VERSION = 4.0;
				TARGETED_DEVICE_FAMILY = "1,2";
			};
			name = Debug;
		};
		686336DC20A459D400E479B4 /* Release */ = {
			isa = XCBuildConfiguration;
			baseConfigurationReference = 438061C64BCF88B45EA363CA /* Pods-http-retry-ios.release.xcconfig */;
			buildSettings = {
				ASSETCATALOG_COMPILER_APPICON_NAME = AppIcon;
				CODE_SIGN_STYLE = Automatic;
				INFOPLIST_FILE = "http-retry-ios/Info.plist";
				LD_RUNPATH_SEARCH_PATHS = (
					"$(inherited)",
					"@executable_path/Frameworks",
				);
				PRODUCT_BUNDLE_IDENTIFIER = "com.amrzs.demo.http-retry-ios";
				PRODUCT_NAME = "$(TARGET_NAME)";
				SWIFT_VERSION = 4.0;
				TARGETED_DEVICE_FAMILY = "1,2";
			};
			name = Release;
		};
/* End XCBuildConfiguration section */

/* Begin XCConfigurationList section */
		686336C320A459D400E479B4 /* Build configuration list for PBXProject "http-retry-ios" */ = {
			isa = XCConfigurationList;
			buildConfigurations = (
				686336D820A459D400E479B4 /* Debug */,
				686336D920A459D400E479B4 /* Release */,
			);
			defaultConfigurationIsVisible = 0;
			defaultConfigurationName = Release;
		};
		686336DA20A459D400E479B4 /* Build configuration list for PBXNativeTarget "http-retry-ios" */ = {
			isa = XCConfigurationList;
			buildConfigurations = (
				686336DB20A459D400E479B4 /* Debug */,
				686336DC20A459D400E479B4 /* Release */,
			);
			defaultConfigurationIsVisible = 0;
			defaultConfigurationName = Release;
		};
/* End XCConfigurationList section */
	};
	rootObject = 686336C020A459D400E479B4 /* Project object */;
}
